{
  "name": "cssmodule",
  "version": "0.0.0",
  "lockfileVersion": 1,
  "requires": true,
  "dependencies": {
    "dommodule": {
      "version": "github:aristov/dommodule#d967a0cb94cbd4a33931d475a6a5147fc0efee56",
      "from": "github:aristov/dommodule",
      "requires": {
        "esmodule": "github:aristov/esmodule#f3e5417bd91bd3d31cd63dc4713eb17aba99b656"
      }
    },
    "esmodule": {
      "version": "github:aristov/esmodule#f3e5417bd91bd3d31cd63dc4713eb17aba99b656",
      "from": "github:aristov/esmodule"
    }
  }
}
